
Microsoft Visual Studio Solution File, Format Version 12.00
# Visual Studio Version 17
VisualStudioVersion = 17.14.36310.24
MinimumVisualStudioVersion = 10.0.40219.1
Project("{2150E333-8FDC-42A3-9474-1A3956D46DE8}") = "src", "src", "{02EA681E-C7D8-13C7-8484-4AC65E1B71E8}"
EndProject
Project("{FAE04EC0-301F-11D3-BF4B-00C04F79EFBC}") = "SuperPoc.Gateway.API", "src\Gateway\SuperPoc.Gateway.API\SuperPoc.Gateway.API.csproj", "{E0D314E5-FCF8-446C-8ED5-E1AC08CEBF40}"
EndProject
Project("{2150E333-8FDC-42A3-9474-1A3956D46DE8}") = "Gateway", "Gateway", "{798D3614-F21D-4E39-A994-30F07FCFCB9B}"
EndProject
Project("{2150E333-8FDC-42A3-9474-1A3956D46DE8}") = "BFF", "BFF", "{9C034BC6-2730-4A6B-9588-2E4D75161B4F}"
EndProject
Project("{2150E333-8FDC-42A3-9474-1A3956D46DE8}") = "Services", "Services", "{684F26EA-3450-4DFF-972B-23A895ADF6FC}"
EndProject
Project("{2150E333-8FDC-42A3-9474-1A3956D46DE8}") = "BuildingBlocks", "BuildingBlocks", "{C783DA96-6DAF-41FB-B169-9A3800369180}"
EndProject
Project("{2150E333-8FDC-42A3-9474-1A3956D46DE8}") = "Shared", "Shared", "{15813FEB-4161-4F75-91D4-C66F2606F11C}"
EndProject
Project("{FAE04EC0-301F-11D3-BF4B-00C04F79EFBC}") = "SuperPoc.BuildingBlocks.Application", "src\BuildingBlocks\SuperPoc.BuildingBlocks.Application\SuperPoc.BuildingBlocks.Application.csproj", "{DF2F86C6-745F-3E80-8767-2DD5FE6809B7}"
EndProject
Project("{FAE04EC0-301F-11D3-BF4B-00C04F79EFBC}") = "SuperPoc.BuildingBlocks.Contracts", "src\BuildingBlocks\SuperPoc.BuildingBlocks.Contracts\SuperPoc.BuildingBlocks.Contracts.csproj", "{700F37B2-75E1-95A3-027F-717A47E111E1}"
EndProject
Project("{FAE04EC0-301F-11D3-BF4B-00C04F79EFBC}") = "SuperPoc.BuildingBlocks.Domain", "src\BuildingBlocks\SuperPoc.BuildingBlocks.Domain\SuperPoc.BuildingBlocks.Domain.csproj", "{DEB1DB1C-666B-5D46-F413-4381F86C6D9A}"
EndProject
Project("{FAE04EC0-301F-11D3-BF4B-00C04F79EFBC}") = "SuperPoc.BuildingBlocks.Infrastructure", "src\BuildingBlocks\SuperPoc.BuildingBlocks.Infrastructure\SuperPoc.BuildingBlocks.Infrastructure.csproj", "{7DADADA8-D0EA-1448-7BAC-C5ECF27578C3}"
EndProject
Global
	GlobalSection(SolutionConfigurationPlatforms) = preSolution
		Debug|Any CPU = Debug|Any CPU
		Release|Any CPU = Release|Any CPU
	EndGlobalSection
	GlobalSection(ProjectConfigurationPlatforms) = postSolution
		{E0D314E5-FCF8-446C-8ED5-E1AC08CEBF40}.Debug|Any CPU.ActiveCfg = Debug|Any CPU
		{E0D314E5-FCF8-446C-8ED5-E1AC08CEBF40}.Debug|Any CPU.Build.0 = Debug|Any CPU
		{E0D314E5-FCF8-446C-8ED5-E1AC08CEBF40}.Release|Any CPU.ActiveCfg = Release|Any CPU
		{E0D314E5-FCF8-446C-8ED5-E1AC08CEBF40}.Release|Any CPU.Build.0 = Release|Any CPU
		{DF2F86C6-745F-3E80-8767-2DD5FE6809B7}.Debug|Any CPU.ActiveCfg = Debug|Any CPU
		{DF2F86C6-745F-3E80-8767-2DD5FE6809B7}.Debug|Any CPU.Build.0 = Debug|Any CPU
		{DF2F86C6-745F-3E80-8767-2DD5FE6809B7}.Release|Any CPU.ActiveCfg = Release|Any CPU
		{DF2F86C6-745F-3E80-8767-2DD5FE6809B7}.Release|Any CPU.Build.0 = Release|Any CPU
		{700F37B2-75E1-95A3-027F-717A47E111E1}.Debug|Any CPU.ActiveCfg = Debug|Any CPU
		{700F37B2-75E1-95A3-027F-717A47E111E1}.Debug|Any CPU.Build.0 = Debug|Any CPU
		{700F37B2-75E1-95A3-027F-717A47E111E1}.Release|Any CPU.ActiveCfg = Release|Any CPU
		{700F37B2-75E1-95A3-027F-717A47E111E1}.Release|Any CPU.Build.0 = Release|Any CPU
		{DEB1DB1C-666B-5D46-F413-4381F86C6D9A}.Debug|Any CPU.ActiveCfg = Debug|Any CPU
		{DEB1DB1C-666B-5D46-F413-4381F86C6D9A}.Debug|Any CPU.Build.0 = Debug|Any CPU
		{DEB1DB1C-666B-5D46-F413-4381F86C6D9A}.Release|Any CPU.ActiveCfg = Release|Any CPU
		{DEB1DB1C-666B-5D46-F413-4381F86C6D9A}.Release|Any CPU.Build.0 = Release|Any CPU
		{7DADADA8-D0EA-1448-7BAC-C5ECF27578C3}.Debug|Any CPU.ActiveCfg = Debug|Any CPU
		{7DADADA8-D0EA-1448-7BAC-C5ECF27578C3}.Debug|Any CPU.Build.0 = Debug|Any CPU
		{7DADADA8-D0EA-1448-7BAC-C5ECF27578C3}.Release|Any CPU.ActiveCfg = Release|Any CPU
		{7DADADA8-D0EA-1448-7BAC-C5ECF27578C3}.Release|Any CPU.Build.0 = Release|Any CPU
	EndGlobalSection
	GlobalSection(SolutionProperties) = preSolution
		HideSolutionNode = FALSE
	EndGlobalSection
	GlobalSection(NestedProjects) = preSolution
		{E0D314E5-FCF8-446C-8ED5-E1AC08CEBF40} = {798D3614-F21D-4E39-A994-30F07FCFCB9B}
		{798D3614-F21D-4E39-A994-30F07FCFCB9B} = {02EA681E-C7D8-13C7-8484-4AC65E1B71E8}
		{9C034BC6-2730-4A6B-9588-2E4D75161B4F} = {02EA681E-C7D8-13C7-8484-4AC65E1B71E8}
		{684F26EA-3450-4DFF-972B-23A895ADF6FC} = {02EA681E-C7D8-13C7-8484-4AC65E1B71E8}
		{C783DA96-6DAF-41FB-B169-9A3800369180} = {02EA681E-C7D8-13C7-8484-4AC65E1B71E8}
		{15813FEB-4161-4F75-91D4-C66F2606F11C} = {02EA681E-C7D8-13C7-8484-4AC65E1B71E8}
		{DF2F86C6-745F-3E80-8767-2DD5FE6809B7} = {C783DA96-6DAF-41FB-B169-9A3800369180}
		{700F37B2-75E1-95A3-027F-717A47E111E1} = {C783DA96-6DAF-41FB-B169-9A3800369180}
		{DEB1DB1C-666B-5D46-F413-4381F86C6D9A} = {C783DA96-6DAF-41FB-B169-9A3800369180}
		{7DADADA8-D0EA-1448-7BAC-C5ECF27578C3} = {C783DA96-6DAF-41FB-B169-9A3800369180}
	EndGlobalSection
	GlobalSection(ExtensibilityGlobals) = postSolution
		SolutionGuid = {E4502188-625C-4932-9169-9B8166D76CED}
	EndGlobalSection
EndGlobal
